// !$*UTF8*$!
{
	archiveVersion = 1;
	classes = {
	};
	objectVersion = 55;
	objects = {

/* Begin PBXBuildFile section */
		20F83DF2B8E9636C069B6804 /* Pods_Weather_Clone.framework in Frameworks */ = {isa = PBXBuildFile; fileRef = 44636AE3CB103B075C037D4A /* Pods_Weather_Clone.framework */; };
		231E2FF72851D5B400A282A0 /* HourlyTempTVC.swift in Sources */ = {isa = PBXBuildFile; fileRef = 231E2FF62851D5B400A282A0 /* HourlyTempTVC.swift */; };
		231E2FF92851D60300A282A0 /* HourlyTempCVC.swift in Sources */ = {isa = PBXBuildFile; fileRef = 231E2FF82851D60300A282A0 /* HourlyTempCVC.swift */; };
		232B8323284DE0C000E03557 /* HomeVC.swift in Sources */ = {isa = PBXBuildFile; fileRef = 232B8322284DE0C000E03557 /* HomeVC.swift */; };
		232B8329284DF0E600E03557 /* SummaryHeaderView.swift in Sources */ = {isa = PBXBuildFile; fileRef = 232B8328284DF0E600E03557 /* SummaryHeaderView.swift */; };
		2352D68C2850FB6500CE8152 /* UILabel++.swift in Sources */ = {isa = PBXBuildFile; fileRef = 2352D68B2850FB6500CE8152 /* UILabel++.swift */; };
		2352D68E2851048800CE8152 /* SummaryStickyView.swift in Sources */ = {isa = PBXBuildFile; fileRef = 2352D68D2851048800CE8152 /* SummaryStickyView.swift */; };
		239BC0EC284DDB80000E336C /* AppDelegate.swift in Sources */ = {isa = PBXBuildFile; fileRef = 239BC0EB284DDB80000E336C /* AppDelegate.swift */; };
		239BC0EE284DDB80000E336C /* SceneDelegate.swift in Sources */ = {isa = PBXBuildFile; fileRef = 239BC0ED284DDB80000E336C /* SceneDelegate.swift */; };
		239BC0F5284DDB81000E336C /* Assets.xcassets in Resources */ = {isa = PBXBuildFile; fileRef = 239BC0F4284DDB81000E336C /* Assets.xcassets */; };
		239BC0F8284DDB81000E336C /* LaunchScreen.storyboard in Resources */ = {isa = PBXBuildFile; fileRef = 239BC0F6284DDB81000E336C /* LaunchScreen.storyboard */; };
/* End PBXBuildFile section */

/* Begin PBXFileReference section */
		231E2FF62851D5B400A282A0 /* HourlyTempTVC.swift */ = {isa = PBXFileReference; lastKnownFileType = sourcecode.swift; path = HourlyTempTVC.swift; sourceTree = "<group>"; };
		231E2FF82851D60300A282A0 /* HourlyTempCVC.swift */ = {isa = PBXFileReference; lastKnownFileType = sourcecode.swift; path = HourlyTempCVC.swift; sourceTree = "<group>"; };
		232B8322284DE0C000E03557 /* HomeVC.swift */ = {isa = PBXFileReference; lastKnownFileType = sourcecode.swift; path = HomeVC.swift; sourceTree = "<group>"; };
		232B8328284DF0E600E03557 /* SummaryHeaderView.swift */ = {isa = PBXFileReference; lastKnownFileType = sourcecode.swift; path = SummaryHeaderView.swift; sourceTree = "<group>"; };
		2352D68B2850FB6500CE8152 /* UILabel++.swift */ = {isa = PBXFileReference; lastKnownFileType = sourcecode.swift; path = "UILabel++.swift"; sourceTree = "<group>"; };
		2352D68D2851048800CE8152 /* SummaryStickyView.swift */ = {isa = PBXFileReference; lastKnownFileType = sourcecode.swift; path = SummaryStickyView.swift; sourceTree = "<group>"; };
		239BC0E8284DDB80000E336C /* Weather-Clone.app */ = {isa = PBXFileReference; explicitFileType = wrapper.application; includeInIndex = 0; path = "Weather-Clone.app"; sourceTree = BUILT_PRODUCTS_DIR; };
		239BC0EB284DDB80000E336C /* AppDelegate.swift */ = {isa = PBXFileReference; lastKnownFileType = sourcecode.swift; path = AppDelegate.swift; sourceTree = "<group>"; };
		239BC0ED284DDB80000E336C /* SceneDelegate.swift */ = {isa = PBXFileReference; lastKnownFileType = sourcecode.swift; path = SceneDelegate.swift; sourceTree = "<group>"; };
		239BC0F4284DDB81000E336C /* Assets.xcassets */ = {isa = PBXFileReference; lastKnownFileType = folder.assetcatalog; path = Assets.xcassets; sourceTree = "<group>"; };
		239BC0F7284DDB81000E336C /* Base */ = {isa = PBXFileReference; lastKnownFileType = file.storyboard; name = Base; path = Base.lproj/LaunchScreen.storyboard; sourceTree = "<group>"; };
		239BC0F9284DDB81000E336C /* Info.plist */ = {isa = PBXFileReference; lastKnownFileType = text.plist.xml; path = Info.plist; sourceTree = "<group>"; };
		44636AE3CB103B075C037D4A /* Pods_Weather_Clone.framework */ = {isa = PBXFileReference; explicitFileType = wrapper.framework; includeInIndex = 0; path = Pods_Weather_Clone.framework; sourceTree = BUILT_PRODUCTS_DIR; };
		580CC6FD871AA774E53C8D92 /* Pods-Weather-Clone.debug.xcconfig */ = {isa = PBXFileReference; includeInIndex = 1; lastKnownFileType = text.xcconfig; name = "Pods-Weather-Clone.debug.xcconfig"; path = "Target Support Files/Pods-Weather-Clone/Pods-Weather-Clone.debug.xcconfig"; sourceTree = "<group>"; };
		EAC8DFAE8C2BE5BE4CFA2A1A /* Pods-Weather-Clone.release.xcconfig */ = {isa = PBXFileReference; includeInIndex = 1; lastKnownFileType = text.xcconfig; name = "Pods-Weather-Clone.release.xcconfig"; path = "Target Support Files/Pods-Weather-Clone/Pods-Weather-Clone.release.xcconfig"; sourceTree = "<group>"; };
/* End PBXFileReference section */

/* Begin PBXFrameworksBuildPhase section */
		239BC0E5284DDB80000E336C /* Frameworks */ = {
			isa = PBXFrameworksBuildPhase;
			buildActionMask = 2147483647;
			files = (
				20F83DF2B8E9636C069B6804 /* Pods_Weather_Clone.framework in Frameworks */,
			);
			runOnlyForDeploymentPostprocessing = 0;
		};
/* End PBXFrameworksBuildPhase section */

/* Begin PBXGroup section */
		231E2FFA2851E11200A282A0 /* Cell */ = {
			isa = PBXGroup;
			children = (
				231E2FF62851D5B400A282A0 /* HourlyTempTVC.swift */,
				231E2FF82851D60300A282A0 /* HourlyTempCVC.swift */,
			);
			path = Cell;
			sourceTree = "<group>";
		};
		232B8324284DF0A900E03557 /* Home */ = {
			isa = PBXGroup;
			children = (
				232B8327284DF0BE00E03557 /* ViewController */,
				232B8326284DF0B500E03557 /* ViewModel */,
				232B8325284DF0B000E03557 /* View */,
			);
			path = Home;
			sourceTree = "<group>";
		};
		232B8325284DF0B000E03557 /* View */ = {
			isa = PBXGroup;
			children = (
				231E2FFA2851E11200A282A0 /* Cell */,
				232B8328284DF0E600E03557 /* SummaryHeaderView.swift */,
				2352D68D2851048800CE8152 /* SummaryStickyView.swift */,
			);
			path = View;
			sourceTree = "<group>";
		};
		232B8326284DF0B500E03557 /* ViewModel */ = {
			isa = PBXGroup;
			children = (
			);
			path = ViewModel;
			sourceTree = "<group>";
		};
		232B8327284DF0BE00E03557 /* ViewController */ = {
			isa = PBXGroup;
			children = (
				232B8322284DE0C000E03557 /* HomeVC.swift */,
			);
			path = ViewController;
			sourceTree = "<group>";
		};
		2352D68A2850FB5500CE8152 /* Extension */ = {
			isa = PBXGroup;
			children = (
				2352D68B2850FB6500CE8152 /* UILabel++.swift */,
			);
			path = Extension;
			sourceTree = "<group>";
		};
		239BC0DF284DDB80000E336C = {
			isa = PBXGroup;
			children = (
				239BC0EA284DDB80000E336C /* Weather-Clone */,
				239BC0E9284DDB80000E336C /* Products */,
				3712726A788225A79CF8BE4E /* Pods */,
				5A12FC36BB621EEE78211362 /* Frameworks */,
			);
			sourceTree = "<group>";
		};
		239BC0E9284DDB80000E336C /* Products */ = {
			isa = PBXGroup;
			children = (
				239BC0E8284DDB80000E336C /* Weather-Clone.app */,
			);
			name = Products;
			sourceTree = "<group>";
		};
		239BC0EA284DDB80000E336C /* Weather-Clone */ = {
			isa = PBXGroup;
			children = (
				2352D68A2850FB5500CE8152 /* Extension */,
				232B8324284DF0A900E03557 /* Home */,
				239BC0EB284DDB80000E336C /* AppDelegate.swift */,
				239BC0ED284DDB80000E336C /* SceneDelegate.swift */,
				239BC0F4284DDB81000E336C /* Assets.xcassets */,
				239BC0F6284DDB81000E336C /* LaunchScreen.storyboard */,
				239BC0F9284DDB81000E336C /* Info.plist */,
			);
			path = "Weather-Clone";
			sourceTree = "<group>";
		};
		3712726A788225A79CF8BE4E /* Pods */ = {
			isa = PBXGroup;
			children = (
				580CC6FD871AA774E53C8D92 /* Pods-Weather-Clone.debug.xcconfig */,
				EAC8DFAE8C2BE5BE4CFA2A1A /* Pods-Weather-Clone.release.xcconfig */,
			);
			path = Pods;
			sourceTree = "<group>";
		};
		5A12FC36BB621EEE78211362 /* Frameworks */ = {
			isa = PBXGroup;
			children = (
				44636AE3CB103B075C037D4A /* Pods_Weather_Clone.framework */,
			);
			name = Frameworks;
			sourceTree = "<group>";
		};
/* End PBXGroup section */

/* Begin PBXNativeTarget section */
		239BC0E7284DDB80000E336C /* Weather-Clone */ = {
			isa = PBXNativeTarget;
			buildConfigurationList = 239BC0FC284DDB81000E336C /* Build configuration list for PBXNativeTarget "Weather-Clone" */;
			buildPhases = (
				CDD8644E4E5AFAF5751784A4 /* [CP] Check Pods Manifest.lock */,
				239BC0E4284DDB80000E336C /* Sources */,
				239BC0E5284DDB80000E336C /* Frameworks */,
				239BC0E6284DDB80000E336C /* Resources */,
				E9380159EC2CDA319B10175E /* [CP] Embed Pods Frameworks */,
			);
			buildRules = (
			);
			dependencies = (
			);
			name = "Weather-Clone";
			productName = "Weather-Clone";
			productReference = 239BC0E8284DDB80000E336C /* Weather-Clone.app */;
			productType = "com.apple.product-type.application";
		};
/* End PBXNativeTarget section */

/* Begin PBXProject section */
		239BC0E0284DDB80000E336C /* Project object */ = {
			isa = PBXProject;
			attributes = {
				BuildIndependentTargetsInParallel = 1;
				LastSwiftUpdateCheck = 1320;
				LastUpgradeCheck = 1320;
				TargetAttributes = {
					239BC0E7284DDB80000E336C = {
						CreatedOnToolsVersion = 13.2.1;
					};
				};
			};
			buildConfigurationList = 239BC0E3284DDB80000E336C /* Build configuration list for PBXProject "Weather-Clone" */;
			compatibilityVersion = "Xcode 13.0";
			developmentRegion = en;
			hasScannedForEncodings = 0;
			knownRegions = (
				en,
				Base,
			);
			mainGroup = 239BC0DF284DDB80000E336C;
			productRefGroup = 239BC0E9284DDB80000E336C /* Products */;
			projectDirPath = "";
			projectRoot = "";
			targets = (
				239BC0E7284DDB80000E336C /* Weather-Clone */,
			);
		};
/* End PBXProject section */

/* Begin PBXResourcesBuildPhase section */
		239BC0E6284DDB80000E336C /* Resources */ = {
			isa = PBXResourcesBuildPhase;
			buildActionMask = 2147483647;
			files = (
				239BC0F8284DDB81000E336C /* LaunchScreen.storyboard in Resources */,
				239BC0F5284DDB81000E336C /* Assets.xcassets in Resources */,
			);
			runOnlyForDeploymentPostprocessing = 0;
		};
/* End PBXResourcesBuildPhase section */

/* Begin PBXShellScriptBuildPhase section */
		CDD8644E4E5AFAF5751784A4 /* [CP] Check Pods Manifest.lock */ = {
			isa = PBXShellScriptBuildPhase;
			buildActionMask = 2147483647;
			files = (
			);
			inputFileListPaths = (
			);
			inputPaths = (
				"${PODS_PODFILE_DIR_PATH}/Podfile.lock",
				"${PODS_ROOT}/Manifest.lock",
			);
			name = "[CP] Check Pods Manifest.lock";
			outputFileListPaths = (
			);
			outputPaths = (
				"$(DERIVED_FILE_DIR)/Pods-Weather-Clone-checkManifestLockResult.txt",
			);
			runOnlyForDeploymentPostprocessing = 0;
			shellPath = /bin/sh;
			shellScript = "diff \"${PODS_PODFILE_DIR_PATH}/Podfile.lock\" \"${PODS_ROOT}/Manifest.lock\" > /dev/null\nif [ $? != 0 ] ; then\n    # print error to STDERR\n    echo \"error: The sandbox is not in sync with the Podfile.lock. Run 'pod install' or update your CocoaPods installation.\" >&2\n    exit 1\nfi\n# This output is used by Xcode 'outputs' to avoid re-running this script phase.\necho \"SUCCESS\" > \"${SCRIPT_OUTPUT_FILE_0}\"\n";
			showEnvVarsInLog = 0;
		};
		E9380159EC2CDA319B10175E /* [CP] Embed Pods Frameworks */ = {
			isa = PBXShellScriptBuildPhase;
			buildActionMask = 2147483647;
			files = (
			);
			inputFileListPaths = (
				"${PODS_ROOT}/Target Support Files/Pods-Weather-Clone/Pods-Weather-Clone-frameworks-${CONFIGURATION}-input-files.xcfilelist",
			);
			name = "[CP] Embed Pods Frameworks";
			outputFileListPaths = (
				"${PODS_ROOT}/Target Support Files/Pods-Weather-Clone/Pods-Weather-Clone-frameworks-${CONFIGURATION}-output-files.xcfilelist",
			);
			runOnlyForDeploymentPostprocessing = 0;
			shellPath = /bin/sh;
			shellScript = "\"${PODS_ROOT}/Target Support Files/Pods-Weather-Clone/Pods-Weather-Clone-frameworks.sh\"\n";
			showEnvVarsInLog = 0;
		};
/* End PBXShellScriptBuildPhase section */

/* Begin PBXSourcesBuildPhase section */
		239BC0E4284DDB80000E336C /* Sources */ = {
			isa = PBXSourcesBuildPhase;
			buildActionMask = 2147483647;
			files = (
				2352D68C2850FB6500CE8152 /* UILabel++.swift in Sources */,
				232B8323284DE0C000E03557 /* HomeVC.swift in Sources */,
				2352D68E2851048800CE8152 /* SummaryStickyView.swift in Sources */,
				231E2FF92851D60300A282A0 /* HourlyTempCVC.swift in Sources */,
				232B8329284DF0E600E03557 /* SummaryHeaderView.swift in Sources */,
				239BC0EC284DDB80000E336C /* AppDelegate.swift in Sources */,
				231E2FF72851D5B400A282A0 /* HourlyTempTVC.swift in Sources */,
				239BC0EE284DDB80000E336C /* SceneDelegate.swift in Sources */,
			);
			runOnlyForDeploymentPostprocessing = 0;
		};
/* End PBXSourcesBuildPhase section */

/* Begin PBXVariantGroup section */
		239BC0F6284DDB81000E336C /* LaunchScreen.storyboard */ = {
			isa = PBXVariantGroup;
			children = (
				239BC0F7284DDB81000E336C /* Base */,
			);
			name = LaunchScreen.storyboard;
			sourceTree = "<group>";
		};
/* End PBXVariantGroup section */

/* Begin XCBuildConfiguration section */
		239BC0FA284DDB81000E336C /* Debug */ = {
			isa = XCBuildConfiguration;
			buildSettings = {
				ALWAYS_SEARCH_USER_PATHS = NO;
				CLANG_ANALYZER_NONNULL = YES;
				CLANG_ANALYZER_NUMBER_OBJECT_CONVERSION = YES_AGGRESSIVE;
				CLANG_CXX_LANGUAGE_STANDARD = "gnu++17";
				CLANG_CXX_LIBRARY = "libc++";
				CLANG_ENABLE_MODULES = YES;
				CLANG_ENABLE_OBJC_ARC = YES;
				CLANG_ENABLE_OBJC_WEAK = YES;
				CLANG_WARN_BLOCK_CAPTURE_AUTORELEASING = YES;
				CLANG_WARN_BOOL_CONVERSION = YES;
				CLANG_WARN_COMMA = YES;
				CLANG_WARN_CONSTANT_CONVERSION = YES;
				CLANG_WARN_DEPRECATED_OBJC_IMPLEMENTATIONS = YES;
				CLANG_WARN_DIRECT_OBJC_ISA_USAGE = YES_ERROR;
				CLANG_WARN_DOCUMENTATION_COMMENTS = YES;
				CLANG_WARN_EMPTY_BODY = YES;
				CLANG_WARN_ENUM_CONVERSION = YES;
				CLANG_WARN_INFINITE_RECURSION = YES;
				CLANG_WARN_INT_CONVERSION = YES;
				CLANG_WARN_NON_LITERAL_NULL_CONVERSION = YES;
				CLANG_WARN_OBJC_IMPLICIT_RETAIN_SELF = YES;
				CLANG_WARN_OBJC_LITERAL_CONVERSION = YES;
				CLANG_WARN_OBJC_ROOT_CLASS = YES_ERROR;
				CLANG_WARN_QUOTED_INCLUDE_IN_FRAMEWORK_HEADER = YES;
				CLANG_WARN_RANGE_LOOP_ANALYSIS = YES;
				CLANG_WARN_STRICT_PROTOTYPES = YES;
				CLANG_WARN_SUSPICIOUS_MOVE = YES;
				CLANG_WARN_UNGUARDED_AVAILABILITY = YES_AGGRESSIVE;
				CLANG_WARN_UNREACHABLE_CODE = YES;
				CLANG_WARN__DUPLICATE_METHOD_MATCH = YES;
				COPY_PHASE_STRIP = NO;
				DEBUG_INFORMATION_FORMAT = dwarf;
				ENABLE_STRICT_OBJC_MSGSEND = YES;
				ENABLE_TESTABILITY = YES;
				GCC_C_LANGUAGE_STANDARD = gnu11;
				GCC_DYNAMIC_NO_PIC = NO;
				GCC_NO_COMMON_BLOCKS = YES;
				GCC_OPTIMIZATION_LEVEL = 0;
				GCC_PREPROCESSOR_DEFINITIONS = (
					"DEBUG=1",
					"$(inherited)",
				);
				GCC_WARN_64_TO_32_BIT_CONVERSION = YES;
				GCC_WARN_ABOUT_RETURN_TYPE = YES_ERROR;
				GCC_WARN_UNDECLARED_SELECTOR = YES;
				GCC_WARN_UNINITIALIZED_AUTOS = YES_AGGRESSIVE;
				GCC_WARN_UNUSED_FUNCTION = YES;
				GCC_WARN_UNUSED_VARIABLE = YES;
				IPHONEOS_DEPLOYMENT_TARGET = 15.2;
				MTL_ENABLE_DEBUG_INFO = INCLUDE_SOURCE;
				MTL_FAST_MATH = YES;
				ONLY_ACTIVE_ARCH = YES;
				SDKROOT = iphoneos;
				SWIFT_ACTIVE_COMPILATION_CONDITIONS = DEBUG;
				SWIFT_OPTIMIZATION_LEVEL = "-Onone";
			};
			name = Debug;
		};
		239BC0FB284DDB81000E336C /* Release */ = {
			isa = XCBuildConfiguration;
			buildSettings = {
				ALWAYS_SEARCH_USER_PATHS = NO;
				CLANG_ANALYZER_NONNULL = YES;
				CLANG_ANALYZER_NUMBER_OBJECT_CONVERSION = YES_AGGRESSIVE;
				CLANG_CXX_LANGUAGE_STANDARD = "gnu++17";
				CLANG_CXX_LIBRARY = "libc++";
				CLANG_ENABLE_MODULES = YES;
				CLANG_ENABLE_OBJC_ARC = YES;
				CLANG_ENABLE_OBJC_WEAK = YES;
				CLANG_WARN_BLOCK_CAPTURE_AUTORELEASING = YES;
				CLANG_WARN_BOOL_CONVERSION = YES;
				CLANG_WARN_COMMA = YES;
				CLANG_WARN_CONSTANT_CONVERSION = YES;
				CLANG_WARN_DEPRECATED_OBJC_IMPLEMENTATIONS = YES;
				CLANG_WARN_DIRECT_OBJC_ISA_USAGE = YES_ERROR;
				CLANG_WARN_DOCUMENTATION_COMMENTS = YES;
				CLANG_WARN_EMPTY_BODY = YES;
				CLANG_WARN_ENUM_CONVERSION = YES;
				CLANG_WARN_INFINITE_RECURSION = YES;
				CLANG_WARN_INT_CONVERSION = YES;
				CLANG_WARN_NON_LITERAL_NULL_CONVERSION = YES;
				CLANG_WARN_OBJC_IMPLICIT_RETAIN_SELF = YES;
				CLANG_WARN_OBJC_LITERAL_CONVERSION = YES;
				CLANG_WARN_OBJC_ROOT_CLASS = YES_ERROR;
				CLANG_WARN_QUOTED_INCLUDE_IN_FRAMEWORK_HEADER = YES;
				CLANG_WARN_RANGE_LOOP_ANALYSIS = YES;
				CLANG_WARN_STRICT_PROTOTYPES = YES;
				CLANG_WARN_SUSPICIOUS_MOVE = YES;
				CLANG_WARN_UNGUARDED_AVAILABILITY = YES_AGGRESSIVE;
				CLANG_WARN_UNREACHABLE_CODE = YES;
				CLANG_WARN__DUPLICATE_METHOD_MATCH = YES;
				COPY_PHASE_STRIP = NO;
				DEBUG_INFORMATION_FORMAT = "dwarf-with-dsym";
				ENABLE_NS_ASSERTIONS = NO;
				ENABLE_STRICT_OBJC_MSGSEND = YES;
				GCC_C_LANGUAGE_STANDARD = gnu11;
				GCC_NO_COMMON_BLOCKS = YES;
				GCC_WARN_64_TO_32_BIT_CONVERSION = YES;
				GCC_WARN_ABOUT_RETURN_TYPE = YES_ERROR;
				GCC_WARN_UNDECLARED_SELECTOR = YES;
				GCC_WARN_UNINITIALIZED_AUTOS = YES_AGGRESSIVE;
				GCC_WARN_UNUSED_FUNCTION = YES;
				GCC_WARN_UNUSED_VARIABLE = YES;
				IPHONEOS_DEPLOYMENT_TARGET = 15.2;
				MTL_ENABLE_DEBUG_INFO = NO;
				MTL_FAST_MATH = YES;
				SDKROOT = iphoneos;
				SWIFT_COMPILATION_MODE = wholemodule;
				SWIFT_OPTIMIZATION_LEVEL = "-O";
				VALIDATE_PRODUCT = YES;
			};
			name = Release;
		};
		239BC0FD284DDB81000E336C /* Debug */ = {
			isa = XCBuildConfiguration;
			baseConfigurationReference = 580CC6FD871AA774E53C8D92 /* Pods-Weather-Clone.debug.xcconfig */;
			buildSettings = {
				ASSETCATALOG_COMPILER_APPICON_NAME = AppIcon;
				ASSETCATALOG_COMPILER_GLOBAL_ACCENT_COLOR_NAME = AccentColor;
				CODE_SIGN_STYLE = Automatic;
				CURRENT_PROJECT_VERSION = 1;
				DEVELOPMENT_TEAM = 272QNH7NKN;
				GENERATE_INFOPLIST_FILE = YES;
				INFOPLIST_FILE = "Weather-Clone/Info.plist";
				INFOPLIST_KEY_UIApplicationSupportsIndirectInputEvents = YES;
				INFOPLIST_KEY_UILaunchStoryboardName = LaunchScreen;
				INFOPLIST_KEY_UISupportedInterfaceOrientations_iPad = "UIInterfaceOrientationPortrait UIInterfaceOrientationPortraitUpsideDown UIInterfaceOrientationLandscapeLeft UIInterfaceOrientationLandscapeRight";
				INFOPLIST_KEY_UISupportedInterfaceOrientations_iPhone = "UIInterfaceOrientationPortrait UIInterfaceOrientationLandscapeLeft UIInterfaceOrientationLandscapeRight";
				IPHONEOS_DEPLOYMENT_TARGET = 15.0;
				LD_RUNPATH_SEARCH_PATHS = (
					"$(inherited)",
					"@executable_path/Frameworks",
				);
				MARKETING_VERSION = 1.0;
				PRODUCT_BUNDLE_IDENTIFIER = "org.sopt.Weather-Clone";
				PRODUCT_NAME = "$(TARGET_NAME)";
				SWIFT_EMIT_LOC_STRINGS = YES;
				SWIFT_VERSION = 5.0;
				TARGETED_DEVICE_FAMILY = 1;
			};
			name = Debug;
		};
		239BC0FE284DDB81000E336C /* Release */ = {
			isa = XCBuildConfiguration;
			baseConfigurationReference = EAC8DFAE8C2BE5BE4CFA2A1A /* Pods-Weather-Clone.release.xcconfig */;
			buildSettings = {
				ASSETCATALOG_COMPILER_APPICON_NAME = AppIcon;
				ASSETCATALOG_COMPILER_GLOBAL_ACCENT_COLOR_NAME = AccentColor;
				CODE_SIGN_STYLE = Automatic;
				CURRENT_PROJECT_VERSION = 1;
				DEVELOPMENT_TEAM = 272QNH7NKN;
				GENERATE_INFOPLIST_FILE = YES;
				INFOPLIST_FILE = "Weather-Clone/Info.plist";
				INFOPLIST_KEY_UIApplicationSupportsIndirectInputEvents = YES;
				INFOPLIST_KEY_UILaunchStoryboardName = LaunchScreen;
				INFOPLIST_KEY_UISupportedInterfaceOrientations_iPad = "UIInterfaceOrientationPortrait UIInterfaceOrientationPortraitUpsideDown UIInterfaceOrientationLandscapeLeft UIInterfaceOrientationLandscapeRight";
				INFOPLIST_KEY_UISupportedInterfaceOrientations_iPhone = "UIInterfaceOrientationPortrait UIInterfaceOrientationLandscapeLeft UIInterfaceOrientationLandscapeRight";
				IPHONEOS_DEPLOYMENT_TARGET = 15.0;
				LD_RUNPATH_SEARCH_PATHS = (
					"$(inherited)",
					"@executable_path/Frameworks",
				);
				MARKETING_VERSION = 1.0;
				PRODUCT_BUNDLE_IDENTIFIER = "org.sopt.Weather-Clone";
				PRODUCT_NAME = "$(TARGET_NAME)";
				SWIFT_EMIT_LOC_STRINGS = YES;
				SWIFT_VERSION = 5.0;
				TARGETED_DEVICE_FAMILY = 1;
			};
			name = Release;
		};
/* End XCBuildConfiguration section */

/* Begin XCConfigurationList section */
		239BC0E3284DDB80000E336C /* Build configuration list for PBXProject "Weather-Clone" */ = {
			isa = XCConfigurationList;
			buildConfigurations = (
				239BC0FA284DDB81000E336C /* Debug */,
				239BC0FB284DDB81000E336C /* Release */,
			);
			defaultConfigurationIsVisible = 0;
			defaultConfigurationName = Release;
		};
		239BC0FC284DDB81000E336C /* Build configuration list for PBXNativeTarget "Weather-Clone" */ = {
			isa = XCConfigurationList;
			buildConfigurations = (
				239BC0FD284DDB81000E336C /* Debug */,
				239BC0FE284DDB81000E336C /* Release */,
			);
			defaultConfigurationIsVisible = 0;
			defaultConfigurationName = Release;
		};
/* End XCConfigurationList section */
	};
	rootObject = 239BC0E0284DDB80000E336C /* Project object */;
}
