PODS:
  - Alamofire (5.6.1)
  - SnapKit (5.6.0)
  - Then (3.0.0)

DEPENDENCIES:
  - Alamofire
  - SnapKit
  - Then

SPEC REPOS:
  trunk:
    - Alamofire
    - SnapKit
    - Then

SPEC CHECKSUMS:
  Alamofire: 87bd8c952f9a4454320fce00d9cc3de57bcadaf5
  SnapKit: e01d52ebb8ddbc333eefe2132acf85c8227d9c25
  Then: 844265ae87834bbe1147d91d5d41a404da2ec27d

PODFILE CHECKSUM: ae87bcfea0b2bd3a37066b130bf3b363aa9ee455

COCOAPODS: 1.11.3
